
Microsoft Visual Studio Solution File, Format Version 12.00
# Visual Studio Version 17
VisualStudioVersion = 17.5.002.0
MinimumVisualStudioVersion = 10.0.40219.1
Project("{9A19103F-16F7-4668-BE54-9A1E7A4F7556}") = "class_object_oop", "class_object_oop.csproj", "{B03FD8C7-61A5-4EE1-94B7-FF09FE3F1264}"
EndProject
Global
	GlobalSection(SolutionConfigurationPlatforms) = preSolution
		Debug|Any CPU = Debug|Any CPU
		Release|Any CPU = Release|Any CPU
	EndGlobalSection
	GlobalSection(ProjectConfigurationPlatforms) = postSolution
		{B03FD8C7-61A5-4EE1-94B7-FF09FE3F1264}.Debug|Any CPU.ActiveCfg = Debug|Any CPU
		{B03FD8C7-61A5-4EE1-94B7-FF09FE3F1264}.Debug|Any CPU.Build.0 = Debug|Any CPU
		{B03FD8C7-61A5-4EE1-94B7-FF09FE3F1264}.Release|Any CPU.ActiveCfg = Release|Any CPU
		{B03FD8C7-61A5-4EE1-94B7-FF09FE3F1264}.Release|Any CPU.Build.0 = Release|Any CPU
	EndGlobalSection
	GlobalSection(SolutionProperties) = preSolution
		HideSolutionNode = FALSE
	EndGlobalSection
	GlobalSection(ExtensibilityGlobals) = postSolution
		SolutionGuid = {B73FA737-8EF6-44FB-856A-E80871A0B8D8}
	EndGlobalSection
EndGlobal
