
Microsoft Visual Studio Solution File, Format Version 12.00
# Visual Studio Version 17
VisualStudioVersion = 17.5.002.0
MinimumVisualStudioVersion = 10.0.40219.1
Project("{9A19103F-16F7-4668-BE54-9A1E7A4F7556}") = "interface", "interface.csproj", "{298B63FF-9060-4116-9987-30033B65A8FC}"
EndProject
Global
	GlobalSection(SolutionConfigurationPlatforms) = preSolution
		Debug|Any CPU = Debug|Any CPU
		Release|Any CPU = Release|Any CPU
	EndGlobalSection
	GlobalSection(ProjectConfigurationPlatforms) = postSolution
		{298B63FF-9060-4116-9987-30033B65A8FC}.Debug|Any CPU.ActiveCfg = Debug|Any CPU
		{298B63FF-9060-4116-9987-30033B65A8FC}.Debug|Any CPU.Build.0 = Debug|Any CPU
		{298B63FF-9060-4116-9987-30033B65A8FC}.Release|Any CPU.ActiveCfg = Release|Any CPU
		{298B63FF-9060-4116-9987-30033B65A8FC}.Release|Any CPU.Build.0 = Release|Any CPU
	EndGlobalSection
	GlobalSection(SolutionProperties) = preSolution
		HideSolutionNode = FALSE
	EndGlobalSection
	GlobalSection(ExtensibilityGlobals) = postSolution
		SolutionGuid = {06B8FC96-A7FD-4F82-A901-5BD5ED452D1B}
	EndGlobalSection
EndGlobal
